{
  "version": "2",
  "remote": {},
  "npm": {
    "specifiers": { "preact@^10.0.0": "preact@10.11.3" },
    "packages": {
      "preact@10.11.3": {
        "integrity": "sha512-eY93IVpod/zG3uMF22Unl8h9KkrcKIRs2EGar8hwLZZDU1lkjph303V9HZBwufh2s736U6VXuhD109LYqPoffg==",
        "dependencies": {}
      }
    }
  }
}
